// !$*UTF8*$!
{
	archiveVersion = 1;
	classes = {
	};
	objectVersion = 77;
	objects = {

/* Begin PBXBuildFile section */
		E5CE10092F4810200067B781 /* AppDelegate.swift in Sources */ = {isa = PBXBuildFile; fileRef = E5CE10082F4810200067B781 /* AppDelegate.swift */; };
		E5CE100D2F4810200067B781 /* Main.html in Resources */ = {isa = PBXBuildFile; fileRef = E5CE100B2F4810200067B781 /* Main.html */; };
		E5CE100F2F4810200067B781 /* Icon.png in Resources */ = {isa = PBXBuildFile; fileRef = E5CE100E2F4810200067B781 /* Icon.png */; };
		E5CE10112F4810200067B781 /* Style.css in Resources */ = {isa = PBXBuildFile; fileRef = E5CE10102F4810200067B781 /* Style.css */; };
		E5CE10132F4810200067B781 /* SceneDelegate.swift in Sources */ = {isa = PBXBuildFile; fileRef = E5CE10122F4810200067B781 /* SceneDelegate.swift */; };
		E5CE10152F4810200067B781 /* ViewController.swift in Sources */ = {isa = PBXBuildFile; fileRef = E5CE10142F4810200067B781 /* ViewController.swift */; };
		E5CE10182F4810200067B781 /* LaunchScreen.storyboard in Resources */ = {isa = PBXBuildFile; fileRef = E5CE10162F4810200067B781 /* LaunchScreen.storyboard */; };
		E5CE101B2F4810200067B781 /* Main.storyboard in Resources */ = {isa = PBXBuildFile; fileRef = E5CE10192F4810200067B781 /* Main.storyboard */; };
		E5CE10232F4810210067B781 /* URLBlocker Extension.appex in Embed Foundation Extensions */ = {isa = PBXBuildFile; fileRef = E5CE10222F4810210067B781 /* URLBlocker Extension.appex */; settings = {ATTRIBUTES = (RemoveHeadersOnCopy, ); }; };
		E5CE10282F4810210067B781 /* SafariWebExtensionHandler.swift in Sources */ = {isa = PBXBuildFile; fileRef = E5CE10272F4810210067B781 /* SafariWebExtensionHandler.swift */; };
		E5CE102A2F4810210067B781 /* Assets.xcassets in Resources */ = {isa = PBXBuildFile; fileRef = E5CE101C2F4810210067B781 /* Assets.xcassets */; };
		E5CE103B2F4810210067B781 /* popup in Resources */ = {isa = PBXBuildFile; fileRef = E5CE10352F4810210067B781 /* popup */; };
		E5CE103C2F4810210067B781 /* background.js in Resources */ = {isa = PBXBuildFile; fileRef = E5CE10362F4810210067B781 /* background.js */; };
		E5CE103D2F4810210067B781 /* images in Resources */ = {isa = PBXBuildFile; fileRef = E5CE10372F4810210067B781 /* images */; };
		E5CE103E2F4810210067B781 /* manifest.json in Resources */ = {isa = PBXBuildFile; fileRef = E5CE10382F4810210067B781 /* manifest.json */; };
		E5CE103F2F4810210067B781 /* content.js in Resources */ = {isa = PBXBuildFile; fileRef = E5CE10392F4810210067B781 /* content.js */; };
		E5CE10402F4810210067B781 /* blocked in Resources */ = {isa = PBXBuildFile; fileRef = E5CE103A2F4810210067B781 /* blocked */; };
/* End PBXBuildFile section */

/* Begin PBXContainerItemProxy section */
		E5CE10242F4810210067B781 /* PBXContainerItemProxy */ = {
			isa = PBXContainerItemProxy;
			containerPortal = E5CE0FFD2F4810200067B781 /* Project object */;
			proxyType = 1;
			remoteGlobalIDString = E5CE10212F4810210067B781;
			remoteInfo = "URLBlocker Extension";
		};
/* End PBXContainerItemProxy section */

/* Begin PBXCopyFilesBuildPhase section */
		E5CE10302F4810210067B781 /* Embed Foundation Extensions */ = {
			isa = PBXCopyFilesBuildPhase;
			buildActionMask = 2147483647;
			dstPath = "";
			dstSubfolderSpec = 13;
			files = (
				E5CE10232F4810210067B781 /* URLBlocker Extension.appex in Embed Foundation Extensions */,
			);
			name = "Embed Foundation Extensions";
			runOnlyForDeploymentPostprocessing = 0;
		};
/* End PBXCopyFilesBuildPhase section */

/* Begin PBXFileReference section */
		E5CE10052F4810200067B781 /* URLBlocker.app */ = {isa = PBXFileReference; explicitFileType = wrapper.application; includeInIndex = 0; path = URLBlocker.app; sourceTree = BUILT_PRODUCTS_DIR; };
		E5CE10082F4810200067B781 /* AppDelegate.swift */ = {isa = PBXFileReference; lastKnownFileType = sourcecode.swift; path = AppDelegate.swift; sourceTree = "<group>"; };
		E5CE100C2F4810200067B781 /* Base */ = {isa = PBXFileReference; lastKnownFileType = text.html; name = Base; path = Base.lproj/Main.html; sourceTree = "<group>"; };
		E5CE100E2F4810200067B781 /* Icon.png */ = {isa = PBXFileReference; lastKnownFileType = image.png; path = Icon.png; sourceTree = "<group>"; };
		E5CE10102F4810200067B781 /* Style.css */ = {isa = PBXFileReference; lastKnownFileType = text.css; path = Style.css; sourceTree = "<group>"; };
		E5CE10122F4810200067B781 /* SceneDelegate.swift */ = {isa = PBXFileReference; lastKnownFileType = sourcecode.swift; path = SceneDelegate.swift; sourceTree = "<group>"; };
		E5CE10142F4810200067B781 /* ViewController.swift */ = {isa = PBXFileReference; lastKnownFileType = sourcecode.swift; path = ViewController.swift; sourceTree = "<group>"; };
		E5CE10172F4810200067B781 /* Base */ = {isa = PBXFileReference; lastKnownFileType = file.storyboard; name = Base; path = Base.lproj/LaunchScreen.storyboard; sourceTree = "<group>"; };
		E5CE101A2F4810200067B781 /* Base */ = {isa = PBXFileReference; lastKnownFileType = file.storyboard; name = Base; path = Base.lproj/Main.storyboard; sourceTree = "<group>"; };
		E5CE101C2F4810210067B781 /* Assets.xcassets */ = {isa = PBXFileReference; lastKnownFileType = folder.assetcatalog; path = Assets.xcassets; sourceTree = "<group>"; };
		E5CE101D2F4810210067B781 /* Info.plist */ = {isa = PBXFileReference; lastKnownFileType = text.plist.xml; path = Info.plist; sourceTree = "<group>"; };
		E5CE10222F4810210067B781 /* URLBlocker Extension.appex */ = {isa = PBXFileReference; explicitFileType = "wrapper.app-extension"; includeInIndex = 0; path = "URLBlocker Extension.appex"; sourceTree = BUILT_PRODUCTS_DIR; };
		E5CE10272F4810210067B781 /* SafariWebExtensionHandler.swift */ = {isa = PBXFileReference; lastKnownFileType = sourcecode.swift; path = SafariWebExtensionHandler.swift; sourceTree = "<group>"; };
		E5CE10292F4810210067B781 /* Info.plist */ = {isa = PBXFileReference; lastKnownFileType = text.plist.xml; path = Info.plist; sourceTree = "<group>"; };
		E5CE10352F4810210067B781 /* popup */ = {isa = PBXFileReference; lastKnownFileType = folder; name = popup; path = "../../web-extension/popup"; sourceTree = "<group>"; };
		E5CE10362F4810210067B781 /* background.js */ = {isa = PBXFileReference; lastKnownFileType = sourcecode.javascript; name = background.js; path = "../../web-extension/background.js"; sourceTree = "<group>"; };
		E5CE10372F4810210067B781 /* images */ = {isa = PBXFileReference; lastKnownFileType = folder; name = images; path = "../../web-extension/images"; sourceTree = "<group>"; };
		E5CE10382F4810210067B781 /* manifest.json */ = {isa = PBXFileReference; lastKnownFileType = text.json; name = manifest.json; path = "../../web-extension/manifest.json"; sourceTree = "<group>"; };
		E5CE10392F4810210067B781 /* content.js */ = {isa = PBXFileReference; lastKnownFileType = sourcecode.javascript; name = content.js; path = "../../web-extension/content.js"; sourceTree = "<group>"; };
		E5CE103A2F4810210067B781 /* blocked */ = {isa = PBXFileReference; lastKnownFileType = folder; name = blocked; path = "../../web-extension/blocked"; sourceTree = "<group>"; };
/* End PBXFileReference section */

/* Begin PBXFrameworksBuildPhase section */
		E5CE10022F4810200067B781 /* Frameworks */ = {
			isa = PBXFrameworksBuildPhase;
			buildActionMask = 2147483647;
			files = (
			);
			runOnlyForDeploymentPostprocessing = 0;
		};
		E5CE101F2F4810210067B781 /* Frameworks */ = {
			isa = PBXFrameworksBuildPhase;
			buildActionMask = 2147483647;
			files = (
			);
			runOnlyForDeploymentPostprocessing = 0;
		};
/* End PBXFrameworksBuildPhase section */

/* Begin PBXGroup section */
		E5CE0FFC2F4810200067B781 = {
			isa = PBXGroup;
			children = (
				E5CE10072F4810200067B781 /* URLBlocker */,
				E5CE10262F4810210067B781 /* URLBlocker Extension */,
				E5CE10062F4810200067B781 /* Products */,
			);
			sourceTree = "<group>";
		};
		E5CE10062F4810200067B781 /* Products */ = {
			isa = PBXGroup;
			children = (
				E5CE10052F4810200067B781 /* URLBlocker.app */,
				E5CE10222F4810210067B781 /* URLBlocker Extension.appex */,
			);
			name = Products;
			sourceTree = "<group>";
		};
		E5CE10072F4810200067B781 /* URLBlocker */ = {
			isa = PBXGroup;
			children = (
				E5CE10082F4810200067B781 /* AppDelegate.swift */,
				E5CE10122F4810200067B781 /* SceneDelegate.swift */,
				E5CE10142F4810200067B781 /* ViewController.swift */,
				E5CE10162F4810200067B781 /* LaunchScreen.storyboard */,
				E5CE10192F4810200067B781 /* Main.storyboard */,
				E5CE101C2F4810210067B781 /* Assets.xcassets */,
				E5CE101D2F4810210067B781 /* Info.plist */,
				E5CE100A2F4810200067B781 /* Resources */,
			);
			path = URLBlocker;
			sourceTree = "<group>";
		};
		E5CE100A2F4810200067B781 /* Resources */ = {
			isa = PBXGroup;
			children = (
				E5CE100B2F4810200067B781 /* Main.html */,
				E5CE100E2F4810200067B781 /* Icon.png */,
				E5CE10102F4810200067B781 /* Style.css */,
			);
			path = Resources;
			sourceTree = "<group>";
		};
		E5CE10262F4810210067B781 /* URLBlocker Extension */ = {
			isa = PBXGroup;
			children = (
				E5CE10342F4810210067B781 /* Resources */,
				E5CE10272F4810210067B781 /* SafariWebExtensionHandler.swift */,
				E5CE10292F4810210067B781 /* Info.plist */,
			);
			path = "URLBlocker Extension";
			sourceTree = "<group>";
		};
		E5CE10342F4810210067B781 /* Resources */ = {
			isa = PBXGroup;
			children = (
				E5CE10352F4810210067B781 /* popup */,
				E5CE10362F4810210067B781 /* background.js */,
				E5CE10372F4810210067B781 /* images */,
				E5CE10382F4810210067B781 /* manifest.json */,
				E5CE10392F4810210067B781 /* content.js */,
				E5CE103A2F4810210067B781 /* blocked */,
			);
			name = Resources;
			path = "URLBlocker Extension";
			sourceTree = SOURCE_ROOT;
		};
/* End PBXGroup section */

/* Begin PBXNativeTarget section */
		E5CE10042F4810200067B781 /* URLBlocker */ = {
			isa = PBXNativeTarget;
			buildConfigurationList = E5CE10312F4810210067B781 /* Build configuration list for PBXNativeTarget "URLBlocker" */;
			buildPhases = (
				E5CE10012F4810200067B781 /* Sources */,
				E5CE10022F4810200067B781 /* Frameworks */,
				E5CE10032F4810200067B781 /* Resources */,
				E5CE10302F4810210067B781 /* Embed Foundation Extensions */,
			);
			buildRules = (
			);
			dependencies = (
				E5CE10252F4810210067B781 /* PBXTargetDependency */,
			);
			name = URLBlocker;
			packageProductDependencies = (
			);
			productName = URLBlocker;
			productReference = E5CE10052F4810200067B781 /* URLBlocker.app */;
			productType = "com.apple.product-type.application";
		};
		E5CE10212F4810210067B781 /* URLBlocker Extension */ = {
			isa = PBXNativeTarget;
			buildConfigurationList = E5CE102D2F4810210067B781 /* Build configuration list for PBXNativeTarget "URLBlocker Extension" */;
			buildPhases = (
				E5CE101E2F4810210067B781 /* Sources */,
				E5CE101F2F4810210067B781 /* Frameworks */,
				E5CE10202F4810210067B781 /* Resources */,
			);
			buildRules = (
			);
			dependencies = (
			);
			name = "URLBlocker Extension";
			packageProductDependencies = (
			);
			productName = "URLBlocker Extension";
			productReference = E5CE10222F4810210067B781 /* URLBlocker Extension.appex */;
			productType = "com.apple.product-type.app-extension";
		};
/* End PBXNativeTarget section */

/* Begin PBXProject section */
		E5CE0FFD2F4810200067B781 /* Project object */ = {
			isa = PBXProject;
			attributes = {
				BuildIndependentTargetsInParallel = 1;
				LastSwiftUpdateCheck = 2620;
				LastUpgradeCheck = 2620;
				TargetAttributes = {
					E5CE10042F4810200067B781 = {
						CreatedOnToolsVersion = 26.2;
					};
					E5CE10212F4810210067B781 = {
						CreatedOnToolsVersion = 26.2;
					};
				};
			};
			buildConfigurationList = E5CE10002F4810200067B781 /* Build configuration list for PBXProject "URLBlocker" */;
			developmentRegion = en;
			hasScannedForEncodings = 0;
			knownRegions = (
				en,
				Base,
			);
			mainGroup = E5CE0FFC2F4810200067B781;
			minimizedProjectReferenceProxies = 1;
			preferredProjectObjectVersion = 77;
			productRefGroup = E5CE10062F4810200067B781 /* Products */;
			projectDirPath = "";
			projectRoot = "";
			targets = (
				E5CE10042F4810200067B781 /* URLBlocker */,
				E5CE10212F4810210067B781 /* URLBlocker Extension */,
			);
		};
/* End PBXProject section */

/* Begin PBXResourcesBuildPhase section */
		E5CE10032F4810200067B781 /* Resources */ = {
			isa = PBXResourcesBuildPhase;
			buildActionMask = 2147483647;
			files = (
				E5CE100F2F4810200067B781 /* Icon.png in Resources */,
				E5CE101B2F4810200067B781 /* Main.storyboard in Resources */,
				E5CE10182F4810200067B781 /* LaunchScreen.storyboard in Resources */,
				E5CE100D2F4810200067B781 /* Main.html in Resources */,
				E5CE102A2F4810210067B781 /* Assets.xcassets in Resources */,
				E5CE10112F4810200067B781 /* Style.css in Resources */,
			);
			runOnlyForDeploymentPostprocessing = 0;
		};
		E5CE10202F4810210067B781 /* Resources */ = {
			isa = PBXResourcesBuildPhase;
			buildActionMask = 2147483647;
			files = (
				E5CE103E2F4810210067B781 /* manifest.json in Resources */,
				E5CE103D2F4810210067B781 /* images in Resources */,
				E5CE103C2F4810210067B781 /* background.js in Resources */,
				E5CE10402F4810210067B781 /* blocked in Resources */,
				E5CE103B2F4810210067B781 /* popup in Resources */,
				E5CE103F2F4810210067B781 /* content.js in Resources */,
			);
			runOnlyForDeploymentPostprocessing = 0;
		};
/* End PBXResourcesBuildPhase section */

/* Begin PBXSourcesBuildPhase section */
		E5CE10012F4810200067B781 /* Sources */ = {
			isa = PBXSourcesBuildPhase;
			buildActionMask = 2147483647;
			files = (
				E5CE10152F4810200067B781 /* ViewController.swift in Sources */,
				E5CE10092F4810200067B781 /* AppDelegate.swift in Sources */,
				E5CE10132F4810200067B781 /* SceneDelegate.swift in Sources */,
			);
			runOnlyForDeploymentPostprocessing = 0;
		};
		E5CE101E2F4810210067B781 /* Sources */ = {
			isa = PBXSourcesBuildPhase;
			buildActionMask = 2147483647;
			files = (
				E5CE10282F4810210067B781 /* SafariWebExtensionHandler.swift in Sources */,
			);
			runOnlyForDeploymentPostprocessing = 0;
		};
/* End PBXSourcesBuildPhase section */

/* Begin PBXTargetDependency section */
		E5CE10252F4810210067B781 /* PBXTargetDependency */ = {
			isa = PBXTargetDependency;
			target = E5CE10212F4810210067B781 /* URLBlocker Extension */;
			targetProxy = E5CE10242F4810210067B781 /* PBXContainerItemProxy */;
		};
/* End PBXTargetDependency section */

/* Begin PBXVariantGroup section */
		E5CE100B2F4810200067B781 /* Main.html */ = {
			isa = PBXVariantGroup;
			children = (
				E5CE100C2F4810200067B781 /* Base */,
			);
			name = Main.html;
			sourceTree = "<group>";
		};
		E5CE10162F4810200067B781 /* LaunchScreen.storyboard */ = {
			isa = PBXVariantGroup;
			children = (
				E5CE10172F4810200067B781 /* Base */,
			);
			name = LaunchScreen.storyboard;
			sourceTree = "<group>";
		};
		E5CE10192F4810200067B781 /* Main.storyboard */ = {
			isa = PBXVariantGroup;
			children = (
				E5CE101A2F4810200067B781 /* Base */,
			);
			name = Main.storyboard;
			sourceTree = "<group>";
		};
/* End PBXVariantGroup section */

/* Begin XCBuildConfiguration section */
		E5CE102B2F4810210067B781 /* Debug */ = {
			isa = XCBuildConfiguration;
			buildSettings = {
				ALWAYS_SEARCH_USER_PATHS = NO;
				ASSETCATALOG_COMPILER_GENERATE_SWIFT_ASSET_SYMBOL_EXTENSIONS = YES;
				CLANG_ANALYZER_NONNULL = YES;
				CLANG_ANALYZER_NUMBER_OBJECT_CONVERSION = YES_AGGRESSIVE;
				CLANG_CXX_LANGUAGE_STANDARD = "gnu++20";
				CLANG_ENABLE_MODULES = YES;
				CLANG_ENABLE_OBJC_ARC = YES;
				CLANG_ENABLE_OBJC_WEAK = YES;
				CLANG_WARN_BLOCK_CAPTURE_AUTORELEASING = YES;
				CLANG_WARN_BOOL_CONVERSION = YES;
				CLANG_WARN_COMMA = YES;
				CLANG_WARN_CONSTANT_CONVERSION = YES;
				CLANG_WARN_DEPRECATED_OBJC_IMPLEMENTATIONS = YES;
				CLANG_WARN_DIRECT_OBJC_ISA_USAGE = YES_ERROR;
				CLANG_WARN_DOCUMENTATION_COMMENTS = YES;
				CLANG_WARN_EMPTY_BODY = YES;
				CLANG_WARN_ENUM_CONVERSION = YES;
				CLANG_WARN_INFINITE_RECURSION = YES;
				CLANG_WARN_INT_CONVERSION = YES;
				CLANG_WARN_NON_LITERAL_NULL_CONVERSION = YES;
				CLANG_WARN_OBJC_IMPLICIT_RETAIN_SELF = YES;
				CLANG_WARN_OBJC_LITERAL_CONVERSION = YES;
				CLANG_WARN_OBJC_ROOT_CLASS = YES_ERROR;
				CLANG_WARN_QUOTED_INCLUDE_IN_FRAMEWORK_HEADER = YES;
				CLANG_WARN_RANGE_LOOP_ANALYSIS = YES;
				CLANG_WARN_STRICT_PROTOTYPES = YES;
				CLANG_WARN_SUSPICIOUS_MOVE = YES;
				CLANG_WARN_UNGUARDED_AVAILABILITY = YES_AGGRESSIVE;
				CLANG_WARN_UNREACHABLE_CODE = YES;
				CLANG_WARN__DUPLICATE_METHOD_MATCH = YES;
				COPY_PHASE_STRIP = NO;
				DEBUG_INFORMATION_FORMAT = dwarf;
				ENABLE_STRICT_OBJC_MSGSEND = YES;
				ENABLE_TESTABILITY = YES;
				ENABLE_USER_SCRIPT_SANDBOXING = YES;
				GCC_C_LANGUAGE_STANDARD = gnu17;
				GCC_DYNAMIC_NO_PIC = NO;
				GCC_NO_COMMON_BLOCKS = YES;
				GCC_OPTIMIZATION_LEVEL = 0;
				GCC_PREPROCESSOR_DEFINITIONS = (
					"DEBUG=1",
					"$(inherited)",
				);
				GCC_WARN_64_TO_32_BIT_CONVERSION = YES;
				GCC_WARN_ABOUT_RETURN_TYPE = YES_ERROR;
				GCC_WARN_UNDECLARED_SELECTOR = YES;
				GCC_WARN_UNINITIALIZED_AUTOS = YES_AGGRESSIVE;
				GCC_WARN_UNUSED_FUNCTION = YES;
				GCC_WARN_UNUSED_VARIABLE = YES;
				IPHONEOS_DEPLOYMENT_TARGET = 26.2;
				LOCALIZATION_PREFERS_STRING_CATALOGS = YES;
				MTL_ENABLE_DEBUG_INFO = INCLUDE_SOURCE;
				MTL_FAST_MATH = YES;
				ONLY_ACTIVE_ARCH = YES;
				SDKROOT = iphoneos;
				SWIFT_ACTIVE_COMPILATION_CONDITIONS = "DEBUG $(inherited)";
				SWIFT_OPTIMIZATION_LEVEL = "-Onone";
			};
			name = Debug;
		};
		E5CE102C2F4810210067B781 /* Release */ = {
			isa = XCBuildConfiguration;
			buildSettings = {
				ALWAYS_SEARCH_USER_PATHS = NO;
				ASSETCATALOG_COMPILER_GENERATE_SWIFT_ASSET_SYMBOL_EXTENSIONS = YES;
				CLANG_ANALYZER_NONNULL = YES;
				CLANG_ANALYZER_NUMBER_OBJECT_CONVERSION = YES_AGGRESSIVE;
				CLANG_CXX_LANGUAGE_STANDARD = "gnu++20";
				CLANG_ENABLE_MODULES = YES;
				CLANG_ENABLE_OBJC_ARC = YES;
				CLANG_ENABLE_OBJC_WEAK = YES;
				CLANG_WARN_BLOCK_CAPTURE_AUTORELEASING = YES;
				CLANG_WARN_BOOL_CONVERSION = YES;
				CLANG_WARN_COMMA = YES;
				CLANG_WARN_CONSTANT_CONVERSION = YES;
				CLANG_WARN_DEPRECATED_OBJC_IMPLEMENTATIONS = YES;
				CLANG_WARN_DIRECT_OBJC_ISA_USAGE = YES_ERROR;
				CLANG_WARN_DOCUMENTATION_COMMENTS = YES;
				CLANG_WARN_EMPTY_BODY = YES;
				CLANG_WARN_ENUM_CONVERSION = YES;
				CLANG_WARN_INFINITE_RECURSION = YES;
				CLANG_WARN_INT_CONVERSION = YES;
				CLANG_WARN_NON_LITERAL_NULL_CONVERSION = YES;
				CLANG_WARN_OBJC_IMPLICIT_RETAIN_SELF = YES;
				CLANG_WARN_OBJC_LITERAL_CONVERSION = YES;
				CLANG_WARN_OBJC_ROOT_CLASS = YES_ERROR;
				CLANG_WARN_QUOTED_INCLUDE_IN_FRAMEWORK_HEADER = YES;
				CLANG_WARN_RANGE_LOOP_ANALYSIS = YES;
				CLANG_WARN_STRICT_PROTOTYPES = YES;
				CLANG_WARN_SUSPICIOUS_MOVE = YES;
				CLANG_WARN_UNGUARDED_AVAILABILITY = YES_AGGRESSIVE;
				CLANG_WARN_UNREACHABLE_CODE = YES;
				CLANG_WARN__DUPLICATE_METHOD_MATCH = YES;
				COPY_PHASE_STRIP = NO;
				DEBUG_INFORMATION_FORMAT = "dwarf-with-dsym";
				ENABLE_NS_ASSERTIONS = NO;
				ENABLE_STRICT_OBJC_MSGSEND = YES;
				ENABLE_USER_SCRIPT_SANDBOXING = YES;
				GCC_C_LANGUAGE_STANDARD = gnu17;
				GCC_NO_COMMON_BLOCKS = YES;
				GCC_WARN_64_TO_32_BIT_CONVERSION = YES;
				GCC_WARN_ABOUT_RETURN_TYPE = YES_ERROR;
				GCC_WARN_UNDECLARED_SELECTOR = YES;
				GCC_WARN_UNINITIALIZED_AUTOS = YES_AGGRESSIVE;
				GCC_WARN_UNUSED_FUNCTION = YES;
				GCC_WARN_UNUSED_VARIABLE = YES;
				IPHONEOS_DEPLOYMENT_TARGET = 26.2;
				LOCALIZATION_PREFERS_STRING_CATALOGS = YES;
				MTL_ENABLE_DEBUG_INFO = NO;
				MTL_FAST_MATH = YES;
				SDKROOT = iphoneos;
				SWIFT_COMPILATION_MODE = wholemodule;
				VALIDATE_PRODUCT = YES;
			};
			name = Release;
		};
		E5CE102E2F4810210067B781 /* Debug */ = {
			isa = XCBuildConfiguration;
			buildSettings = {
				CODE_SIGN_STYLE = Automatic;
				CURRENT_PROJECT_VERSION = 1;
				DEVELOPMENT_TEAM = D8PWS43H75;
				GENERATE_INFOPLIST_FILE = YES;
				INFOPLIST_FILE = "URLBlocker Extension/Info.plist";
				INFOPLIST_KEY_CFBundleDisplayName = "URLBlocker Extension";
				INFOPLIST_KEY_NSHumanReadableCopyright = "";
				IPHONEOS_DEPLOYMENT_TARGET = 15.0;
				LD_RUNPATH_SEARCH_PATHS = (
					"$(inherited)",
					"@executable_path/Frameworks",
					"@executable_path/../../Frameworks",
				);
				MARKETING_VERSION = 1.0;
				OTHER_LDFLAGS = (
					"-framework",
					SafariServices,
				);
				PRODUCT_BUNDLE_IDENTIFIER = com.urlblocker.URLBlocker.Extension;
				PRODUCT_NAME = "$(TARGET_NAME)";
				SKIP_INSTALL = YES;
				STRING_CATALOG_GENERATE_SYMBOLS = YES;
				SWIFT_APPROACHABLE_CONCURRENCY = YES;
				SWIFT_EMIT_LOC_STRINGS = YES;
				SWIFT_UPCOMING_FEATURE_MEMBER_IMPORT_VISIBILITY = YES;
				SWIFT_VERSION = 5.0;
				TARGETED_DEVICE_FAMILY = "1,2";
			};
			name = Debug;
		};
		E5CE102F2F4810210067B781 /* Release */ = {
			isa = XCBuildConfiguration;
			buildSettings = {
				CODE_SIGN_STYLE = Automatic;
				CURRENT_PROJECT_VERSION = 1;
				DEVELOPMENT_TEAM = D8PWS43H75;
				GENERATE_INFOPLIST_FILE = YES;
				INFOPLIST_FILE = "URLBlocker Extension/Info.plist";
				INFOPLIST_KEY_CFBundleDisplayName = "URLBlocker Extension";
				INFOPLIST_KEY_NSHumanReadableCopyright = "";
				IPHONEOS_DEPLOYMENT_TARGET = 15.0;
				LD_RUNPATH_SEARCH_PATHS = (
					"$(inherited)",
					"@executable_path/Frameworks",
					"@executable_path/../../Frameworks",
				);
				MARKETING_VERSION = 1.0;
				OTHER_LDFLAGS = (
					"-framework",
					SafariServices,
				);
				PRODUCT_BUNDLE_IDENTIFIER = com.urlblocker.URLBlocker.Extension;
				PRODUCT_NAME = "$(TARGET_NAME)";
				SKIP_INSTALL = YES;
				STRING_CATALOG_GENERATE_SYMBOLS = YES;
				SWIFT_APPROACHABLE_CONCURRENCY = YES;
				SWIFT_EMIT_LOC_STRINGS = YES;
				SWIFT_UPCOMING_FEATURE_MEMBER_IMPORT_VISIBILITY = YES;
				SWIFT_VERSION = 5.0;
				TARGETED_DEVICE_FAMILY = "1,2";
			};
			name = Release;
		};
		E5CE10322F4810210067B781 /* Debug */ = {
			isa = XCBuildConfiguration;
			buildSettings = {
				ASSETCATALOG_COMPILER_APPICON_NAME = AppIcon;
				ASSETCATALOG_COMPILER_GLOBAL_ACCENT_COLOR_NAME = AccentColor;
				CODE_SIGN_STYLE = Automatic;
				CURRENT_PROJECT_VERSION = 1;
				DEVELOPMENT_TEAM = D8PWS43H75;
				GENERATE_INFOPLIST_FILE = YES;
				INFOPLIST_FILE = URLBlocker/Info.plist;
				INFOPLIST_KEY_CFBundleDisplayName = URLBlocker;
				INFOPLIST_KEY_UIApplicationSupportsIndirectInputEvents = YES;
				INFOPLIST_KEY_UILaunchStoryboardName = LaunchScreen;
				INFOPLIST_KEY_UIMainStoryboardFile = Main;
				INFOPLIST_KEY_UISupportedInterfaceOrientations_iPad = "UIInterfaceOrientationPortrait UIInterfaceOrientationPortraitUpsideDown UIInterfaceOrientationLandscapeLeft UIInterfaceOrientationLandscapeRight";
				INFOPLIST_KEY_UISupportedInterfaceOrientations_iPhone = "UIInterfaceOrientationPortrait UIInterfaceOrientationLandscapeLeft UIInterfaceOrientationLandscapeRight";
				IPHONEOS_DEPLOYMENT_TARGET = 15.0;
				LD_RUNPATH_SEARCH_PATHS = (
					"$(inherited)",
					"@executable_path/Frameworks",
				);
				MARKETING_VERSION = 1.0;
				OTHER_LDFLAGS = (
					"-framework",
					SafariServices,
					"-framework",
					WebKit,
				);
				PRODUCT_BUNDLE_IDENTIFIER = com.urlblocker.URLBlocker;
				PRODUCT_NAME = "$(TARGET_NAME)";
				STRING_CATALOG_GENERATE_SYMBOLS = YES;
				SWIFT_APPROACHABLE_CONCURRENCY = YES;
				SWIFT_DEFAULT_ACTOR_ISOLATION = MainActor;
				SWIFT_EMIT_LOC_STRINGS = YES;
				SWIFT_UPCOMING_FEATURE_MEMBER_IMPORT_VISIBILITY = YES;
				SWIFT_VERSION = 5.0;
				TARGETED_DEVICE_FAMILY = "1,2";
			};
			name = Debug;
		};
		E5CE10332F4810210067B781 /* Release */ = {
			isa = XCBuildConfiguration;
			buildSettings = {
				ASSETCATALOG_COMPILER_APPICON_NAME = AppIcon;
				ASSETCATALOG_COMPILER_GLOBAL_ACCENT_COLOR_NAME = AccentColor;
				CODE_SIGN_STYLE = Automatic;
				CURRENT_PROJECT_VERSION = 1;
				DEVELOPMENT_TEAM = D8PWS43H75;
				GENERATE_INFOPLIST_FILE = YES;
				INFOPLIST_FILE = URLBlocker/Info.plist;
				INFOPLIST_KEY_CFBundleDisplayName = URLBlocker;
				INFOPLIST_KEY_UIApplicationSupportsIndirectInputEvents = YES;
				INFOPLIST_KEY_UILaunchStoryboardName = LaunchScreen;
				INFOPLIST_KEY_UIMainStoryboardFile = Main;
				INFOPLIST_KEY_UISupportedInterfaceOrientations_iPad = "UIInterfaceOrientationPortrait UIInterfaceOrientationPortraitUpsideDown UIInterfaceOrientationLandscapeLeft UIInterfaceOrientationLandscapeRight";
				INFOPLIST_KEY_UISupportedInterfaceOrientations_iPhone = "UIInterfaceOrientationPortrait UIInterfaceOrientationLandscapeLeft UIInterfaceOrientationLandscapeRight";
				IPHONEOS_DEPLOYMENT_TARGET = 15.0;
				LD_RUNPATH_SEARCH_PATHS = (
					"$(inherited)",
					"@executable_path/Frameworks",
				);
				MARKETING_VERSION = 1.0;
				OTHER_LDFLAGS = (
					"-framework",
					SafariServices,
					"-framework",
					WebKit,
				);
				PRODUCT_BUNDLE_IDENTIFIER = com.urlblocker.URLBlocker;
				PRODUCT_NAME = "$(TARGET_NAME)";
				STRING_CATALOG_GENERATE_SYMBOLS = YES;
				SWIFT_APPROACHABLE_CONCURRENCY = YES;
				SWIFT_DEFAULT_ACTOR_ISOLATION = MainActor;
				SWIFT_EMIT_LOC_STRINGS = YES;
				SWIFT_UPCOMING_FEATURE_MEMBER_IMPORT_VISIBILITY = YES;
				SWIFT_VERSION = 5.0;
				TARGETED_DEVICE_FAMILY = "1,2";
			};
			name = Release;
		};
/* End XCBuildConfiguration section */

/* Begin XCConfigurationList section */
		E5CE10002F4810200067B781 /* Build configuration list for PBXProject "URLBlocker" */ = {
			isa = XCConfigurationList;
			buildConfigurations = (
				E5CE102B2F4810210067B781 /* Debug */,
				E5CE102C2F4810210067B781 /* Release */,
			);
			defaultConfigurationIsVisible = 0;
			defaultConfigurationName = Release;
		};
		E5CE102D2F4810210067B781 /* Build configuration list for PBXNativeTarget "URLBlocker Extension" */ = {
			isa = XCConfigurationList;
			buildConfigurations = (
				E5CE102E2F4810210067B781 /* Debug */,
				E5CE102F2F4810210067B781 /* Release */,
			);
			defaultConfigurationIsVisible = 0;
			defaultConfigurationName = Release;
		};
		E5CE10312F4810210067B781 /* Build configuration list for PBXNativeTarget "URLBlocker" */ = {
			isa = XCConfigurationList;
			buildConfigurations = (
				E5CE10322F4810210067B781 /* Debug */,
				E5CE10332F4810210067B781 /* Release */,
			);
			defaultConfigurationIsVisible = 0;
			defaultConfigurationName = Release;
		};
/* End XCConfigurationList section */
	};
	rootObject = E5CE0FFD2F4810200067B781 /* Project object */;
}
